// !$*UTF8*$!
{
	archiveVersion = 1;
	classes = {
	};
	objectVersion = 46;
	objects = {

/* Begin PBXBuildFile section */
		4B174BA21E47D39A009AC53A /* AppDelegate.swift in Sources */ = {isa = PBXBuildFile; fileRef = 4B174BA11E47D39A009AC53A /* AppDelegate.swift */; };
		4B174BA41E47D39A009AC53A /* ViewController.swift in Sources */ = {isa = PBXBuildFile; fileRef = 4B174BA31E47D39A009AC53A /* ViewController.swift */; };
		4B174BA71E47D39B009AC53A /* Main.storyboard in Resources */ = {isa = PBXBuildFile; fileRef = 4B174BA51E47D39B009AC53A /* Main.storyboard */; };
		4B174BA91E47D39B009AC53A /* Assets.xcassets in Resources */ = {isa = PBXBuildFile; fileRef = 4B174BA81E47D39B009AC53A /* Assets.xcassets */; };
		4B174BAC1E47D39B009AC53A /* LaunchScreen.storyboard in Resources */ = {isa = PBXBuildFile; fileRef = 4B174BAA1E47D39B009AC53A /* LaunchScreen.storyboard */; };
		4B174BB71E47D39B009AC53A /* Bip_The_GuyTests.swift in Sources */ = {isa = PBXBuildFile; fileRef = 4B174BB61E47D39B009AC53A /* Bip_The_GuyTests.swift */; };
		4B174BC21E47D39B009AC53A /* Bip_The_GuyUITests.swift in Sources */ = {isa = PBXBuildFile; fileRef = 4B174BC11E47D39B009AC53A /* Bip_The_GuyUITests.swift */; };
/* End PBXBuildFile section */

/* Begin PBXContainerItemProxy section */
		4B174BB31E47D39B009AC53A /* PBXContainerItemProxy */ = {
			isa = PBXContainerItemProxy;
			containerPortal = 4B174B961E47D39A009AC53A /* Project object */;
			proxyType = 1;
			remoteGlobalIDString = 4B174B9D1E47D39A009AC53A;
			remoteInfo = "Bip The Guy";
		};
		4B174BBE1E47D39B009AC53A /* PBXContainerItemProxy */ = {
			isa = PBXContainerItemProxy;
			containerPortal = 4B174B961E47D39A009AC53A /* Project object */;
			proxyType = 1;
			remoteGlobalIDString = 4B174B9D1E47D39A009AC53A;
			remoteInfo = "Bip The Guy";
		};
/* End PBXContainerItemProxy section */

/* Begin PBXFileReference section */
		4B174B9E1E47D39A009AC53A /* Bip The Guy.app */ = {isa = PBXFileReference; explicitFileType = wrapper.application; includeInIndex = 0; path = "Bip The Guy.app"; sourceTree = BUILT_PRODUCTS_DIR; };
		4B174BA11E47D39A009AC53A /* AppDelegate.swift */ = {isa = PBXFileReference; lastKnownFileType = sourcecode.swift; path = AppDelegate.swift; sourceTree = "<group>"; };
		4B174BA31E47D39A009AC53A /* ViewController.swift */ = {isa = PBXFileReference; lastKnownFileType = sourcecode.swift; path = ViewController.swift; sourceTree = "<group>"; };
		4B174BA61E47D39B009AC53A /* Base */ = {isa = PBXFileReference; lastKnownFileType = file.storyboard; name = Base; path = Base.lproj/Main.storyboard; sourceTree = "<group>"; };
		4B174BA81E47D39B009AC53A /* Assets.xcassets */ = {isa = PBXFileReference; lastKnownFileType = folder.assetcatalog; path = Assets.xcassets; sourceTree = "<group>"; };
		4B174BAB1E47D39B009AC53A /* Base */ = {isa = PBXFileReference; lastKnownFileType = file.storyboard; name = Base; path = Base.lproj/LaunchScreen.storyboard; sourceTree = "<group>"; };
		4B174BAD1E47D39B009AC53A /* Info.plist */ = {isa = PBXFileReference; lastKnownFileType = text.plist.xml; path = Info.plist; sourceTree = "<group>"; };
		4B174BB21E47D39B009AC53A /* Bip The GuyTests.xctest */ = {isa = PBXFileReference; explicitFileType = wrapper.cfbundle; includeInIndex = 0; path = "Bip The GuyTests.xctest"; sourceTree = BUILT_PRODUCTS_DIR; };
		4B174BB61E47D39B009AC53A /* Bip_The_GuyTests.swift */ = {isa = PBXFileReference; lastKnownFileType = sourcecode.swift; path = Bip_The_GuyTests.swift; sourceTree = "<group>"; };
		4B174BB81E47D39B009AC53A /* Info.plist */ = {isa = PBXFileReference; lastKnownFileType = text.plist.xml; path = Info.plist; sourceTree = "<group>"; };
		4B174BBD1E47D39B009AC53A /* Bip The GuyUITests.xctest */ = {isa = PBXFileReference; explicitFileType = wrapper.cfbundle; includeInIndex = 0; path = "Bip The GuyUITests.xctest"; sourceTree = BUILT_PRODUCTS_DIR; };
		4B174BC11E47D39B009AC53A /* Bip_The_GuyUITests.swift */ = {isa = PBXFileReference; lastKnownFileType = sourcecode.swift; path = Bip_The_GuyUITests.swift; sourceTree = "<group>"; };
		4B174BC31E47D39B009AC53A /* Info.plist */ = {isa = PBXFileReference; lastKnownFileType = text.plist.xml; path = Info.plist; sourceTree = "<group>"; };
/* End PBXFileReference section */

/* Begin PBXFrameworksBuildPhase section */
		4B174B9B1E47D39A009AC53A /* Frameworks */ = {
			isa = PBXFrameworksBuildPhase;
			buildActionMask = 2147483647;
			files = (
			);
			runOnlyForDeploymentPostprocessing = 0;
		};
		4B174BAF1E47D39B009AC53A /* Frameworks */ = {
			isa = PBXFrameworksBuildPhase;
			buildActionMask = 2147483647;
			files = (
			);
			runOnlyForDeploymentPostprocessing = 0;
		};
		4B174BBA1E47D39B009AC53A /* Frameworks */ = {
			isa = PBXFrameworksBuildPhase;
			buildActionMask = 2147483647;
			files = (
			);
			runOnlyForDeploymentPostprocessing = 0;
		};
/* End PBXFrameworksBuildPhase section */

/* Begin PBXGroup section */
		4B174B951E47D39A009AC53A = {
			isa = PBXGroup;
			children = (
				4B174BA01E47D39A009AC53A /* Bip The Guy */,
				4B174BB51E47D39B009AC53A /* Bip The GuyTests */,
				4B174BC01E47D39B009AC53A /* Bip The GuyUITests */,
				4B174B9F1E47D39A009AC53A /* Products */,
			);
			sourceTree = "<group>";
		};
		4B174B9F1E47D39A009AC53A /* Products */ = {
			isa = PBXGroup;
			children = (
				4B174B9E1E47D39A009AC53A /* Bip The Guy.app */,
				4B174BB21E47D39B009AC53A /* Bip The GuyTests.xctest */,
				4B174BBD1E47D39B009AC53A /* Bip The GuyUITests.xctest */,
			);
			name = Products;
			sourceTree = "<group>";
		};
		4B174BA01E47D39A009AC53A /* Bip The Guy */ = {
			isa = PBXGroup;
			children = (
				4B174BA11E47D39A009AC53A /* AppDelegate.swift */,
				4B174BA31E47D39A009AC53A /* ViewController.swift */,
				4B174BA51E47D39B009AC53A /* Main.storyboard */,
				4B174BA81E47D39B009AC53A /* Assets.xcassets */,
				4B174BAA1E47D39B009AC53A /* LaunchScreen.storyboard */,
				4B174BAD1E47D39B009AC53A /* Info.plist */,
			);
			path = "Bip The Guy";
			sourceTree = "<group>";
		};
		4B174BB51E47D39B009AC53A /* Bip The GuyTests */ = {
			isa = PBXGroup;
			children = (
				4B174BB61E47D39B009AC53A /* Bip_The_GuyTests.swift */,
				4B174BB81E47D39B009AC53A /* Info.plist */,
			);
			path = "Bip The GuyTests";
			sourceTree = "<group>";
		};
		4B174BC01E47D39B009AC53A /* Bip The GuyUITests */ = {
			isa = PBXGroup;
			children = (
				4B174BC11E47D39B009AC53A /* Bip_The_GuyUITests.swift */,
				4B174BC31E47D39B009AC53A /* Info.plist */,
			);
			path = "Bip The GuyUITests";
			sourceTree = "<group>";
		};
/* End PBXGroup section */

/* Begin PBXNativeTarget section */
		4B174B9D1E47D39A009AC53A /* Bip The Guy */ = {
			isa = PBXNativeTarget;
			buildConfigurationList = 4B174BC61E47D39B009AC53A /* Build configuration list for PBXNativeTarget "Bip The Guy" */;
			buildPhases = (
				4B174B9A1E47D39A009AC53A /* Sources */,
				4B174B9B1E47D39A009AC53A /* Frameworks */,
				4B174B9C1E47D39A009AC53A /* Resources */,
			);
			buildRules = (
			);
			dependencies = (
			);
			name = "Bip The Guy";
			productName = "Bip The Guy";
			productReference = 4B174B9E1E47D39A009AC53A /* Bip The Guy.app */;
			productType = "com.apple.product-type.application";
		};
		4B174BB11E47D39B009AC53A /* Bip The GuyTests */ = {
			isa = PBXNativeTarget;
			buildConfigurationList = 4B174BC91E47D39B009AC53A /* Build configuration list for PBXNativeTarget "Bip The GuyTests" */;
			buildPhases = (
				4B174BAE1E47D39B009AC53A /* Sources */,
				4B174BAF1E47D39B009AC53A /* Frameworks */,
				4B174BB01E47D39B009AC53A /* Resources */,
			);
			buildRules = (
			);
			dependencies = (
				4B174BB41E47D39B009AC53A /* PBXTargetDependency */,
			);
			name = "Bip The GuyTests";
			productName = "Bip The GuyTests";
			productReference = 4B174BB21E47D39B009AC53A /* Bip The GuyTests.xctest */;
			productType = "com.apple.product-type.bundle.unit-test";
		};
		4B174BBC1E47D39B009AC53A /* Bip The GuyUITests */ = {
			isa = PBXNativeTarget;
			buildConfigurationList = 4B174BCC1E47D39B009AC53A /* Build configuration list for PBXNativeTarget "Bip The GuyUITests" */;
			buildPhases = (
				4B174BB91E47D39B009AC53A /* Sources */,
				4B174BBA1E47D39B009AC53A /* Frameworks */,
				4B174BBB1E47D39B009AC53A /* Resources */,
			);
			buildRules = (
			);
			dependencies = (
				4B174BBF1E47D39B009AC53A /* PBXTargetDependency */,
			);
			name = "Bip The GuyUITests";
			productName = "Bip The GuyUITests";
			productReference = 4B174BBD1E47D39B009AC53A /* Bip The GuyUITests.xctest */;
			productType = "com.apple.product-type.bundle.ui-testing";
		};
/* End PBXNativeTarget section */

/* Begin PBXProject section */
		4B174B961E47D39A009AC53A /* Project object */ = {
			isa = PBXProject;
			attributes = {
				LastSwiftUpdateCheck = 0820;
				LastUpgradeCheck = 0820;
				ORGANIZATIONNAME = "Kevin Sheehy";
				TargetAttributes = {
					4B174B9D1E47D39A009AC53A = {
						CreatedOnToolsVersion = 8.2.1;
						ProvisioningStyle = Automatic;
					};
					4B174BB11E47D39B009AC53A = {
						CreatedOnToolsVersion = 8.2.1;
						ProvisioningStyle = Automatic;
						TestTargetID = 4B174B9D1E47D39A009AC53A;
					};
					4B174BBC1E47D39B009AC53A = {
						CreatedOnToolsVersion = 8.2.1;
						ProvisioningStyle = Automatic;
						TestTargetID = 4B174B9D1E47D39A009AC53A;
					};
				};
			};
			buildConfigurationList = 4B174B991E47D39A009AC53A /* Build configuration list for PBXProject "Bip The Guy" */;
			compatibilityVersion = "Xcode 3.2";
			developmentRegion = English;
			hasScannedForEncodings = 0;
			knownRegions = (
				en,
				Base,
			);
			mainGroup = 4B174B951E47D39A009AC53A;
			productRefGroup = 4B174B9F1E47D39A009AC53A /* Products */;
			projectDirPath = "";
			projectRoot = "";
			targets = (
				4B174B9D1E47D39A009AC53A /* Bip The Guy */,
				4B174BB11E47D39B009AC53A /* Bip The GuyTests */,
				4B174BBC1E47D39B009AC53A /* Bip The GuyUITests */,
			);
		};
/* End PBXProject section */

/* Begin PBXResourcesBuildPhase section */
		4B174B9C1E47D39A009AC53A /* Resources */ = {
			isa = PBXResourcesBuildPhase;
			buildActionMask = 2147483647;
			files = (
				4B174BAC1E47D39B009AC53A /* LaunchScreen.storyboard in Resources */,
				4B174BA91E47D39B009AC53A /* Assets.xcassets in Resources */,
				4B174BA71E47D39B009AC53A /* Main.storyboard in Resources */,
			);
			runOnlyForDeploymentPostprocessing = 0;
		};
		4B174BB01E47D39B009AC53A /* Resources */ = {
			isa = PBXResourcesBuildPhase;
			buildActionMask = 2147483647;
			files = (
			);
			runOnlyForDeploymentPostprocessing = 0;
		};
		4B174BBB1E47D39B009AC53A /* Resources */ = {
			isa = PBXResourcesBuildPhase;
			buildActionMask = 2147483647;
			files = (
			);
			runOnlyForDeploymentPostprocessing = 0;
		};
/* End PBXResourcesBuildPhase section */

/* Begin PBXSourcesBuildPhase section */
		4B174B9A1E47D39A009AC53A /* Sources */ = {
			isa = PBXSourcesBuildPhase;
			buildActionMask = 2147483647;
			files = (
				4B174BA41E47D39A009AC53A /* ViewController.swift in Sources */,
				4B174BA21E47D39A009AC53A /* AppDelegate.swift in Sources */,
			);
			runOnlyForDeploymentPostprocessing = 0;
		};
		4B174BAE1E47D39B009AC53A /* Sources */ = {
			isa = PBXSourcesBuildPhase;
			buildActionMask = 2147483647;
			files = (
				4B174BB71E47D39B009AC53A /* Bip_The_GuyTests.swift in Sources */,
			);
			runOnlyForDeploymentPostprocessing = 0;
		};
		4B174BB91E47D39B009AC53A /* Sources */ = {
			isa = PBXSourcesBuildPhase;
			buildActionMask = 2147483647;
			files = (
				4B174BC21E47D39B009AC53A /* Bip_The_GuyUITests.swift in Sources */,
			);
			runOnlyForDeploymentPostprocessing = 0;
		};
/* End PBXSourcesBuildPhase section */

/* Begin PBXTargetDependency section */
		4B174BB41E47D39B009AC53A /* PBXTargetDependency */ = {
			isa = PBXTargetDependency;
			target = 4B174B9D1E47D39A009AC53A /* Bip The Guy */;
			targetProxy = 4B174BB31E47D39B009AC53A /* PBXContainerItemProxy */;
		};
		4B174BBF1E47D39B009AC53A /* PBXTargetDependency */ = {
			isa = PBXTargetDependency;
			target = 4B174B9D1E47D39A009AC53A /* Bip The Guy */;
			targetProxy = 4B174BBE1E47D39B009AC53A /* PBXContainerItemProxy */;
		};
/* End PBXTargetDependency section */

/* Begin PBXVariantGroup section */
		4B174BA51E47D39B009AC53A /* Main.storyboard */ = {
			isa = PBXVariantGroup;
			children = (
				4B174BA61E47D39B009AC53A /* Base */,
			);
			name = Main.storyboard;
			sourceTree = "<group>";
		};
		4B174BAA1E47D39B009AC53A /* LaunchScreen.storyboard */ = {
			isa = PBXVariantGroup;
			children = (
				4B174BAB1E47D39B009AC53A /* Base */,
			);
			name = LaunchScreen.storyboard;
			sourceTree = "<group>";
		};
/* End PBXVariantGroup section */

/* Begin XCBuildConfiguration section */
		4B174BC41E47D39B009AC53A /* Debug */ = {
			isa = XCBuildConfiguration;
			buildSettings = {
				ALWAYS_SEARCH_USER_PATHS = NO;
				CLANG_ANALYZER_NONNULL = YES;
				CLANG_CXX_LANGUAGE_STANDARD = "gnu++0x";
				CLANG_CXX_LIBRARY = "libc++";
				CLANG_ENABLE_MODULES = YES;
				CLANG_ENABLE_OBJC_ARC = YES;
				CLANG_WARN_BOOL_CONVERSION = YES;
				CLANG_WARN_CONSTANT_CONVERSION = YES;
				CLANG_WARN_DIRECT_OBJC_ISA_USAGE = YES_ERROR;
				CLANG_WARN_DOCUMENTATION_COMMENTS = YES;
				CLANG_WARN_EMPTY_BODY = YES;
				CLANG_WARN_ENUM_CONVERSION = YES;
				CLANG_WARN_INFINITE_RECURSION = YES;
				CLANG_WARN_INT_CONVERSION = YES;
				CLANG_WARN_OBJC_ROOT_CLASS = YES_ERROR;
				CLANG_WARN_SUSPICIOUS_MOVE = YES;
				CLANG_WARN_UNREACHABLE_CODE = YES;
				CLANG_WARN__DUPLICATE_METHOD_MATCH = YES;
				"CODE_SIGN_IDENTITY[sdk=iphoneos*]" = "iPhone Developer";
				COPY_PHASE_STRIP = NO;
				DEBUG_INFORMATION_FORMAT = dwarf;
				ENABLE_STRICT_OBJC_MSGSEND = YES;
				ENABLE_TESTABILITY = YES;
				GCC_C_LANGUAGE_STANDARD = gnu99;
				GCC_DYNAMIC_NO_PIC = NO;
				GCC_NO_COMMON_BLOCKS = YES;
				GCC_OPTIMIZATION_LEVEL = 0;
				GCC_PREPROCESSOR_DEFINITIONS = (
					"DEBUG=1",
					"$(inherited)",
				);
				GCC_WARN_64_TO_32_BIT_CONVERSION = YES;
				GCC_WARN_ABOUT_RETURN_TYPE = YES_ERROR;
				GCC_WARN_UNDECLARED_SELECTOR = YES;
				GCC_WARN_UNINITIALIZED_AUTOS = YES_AGGRESSIVE;
				GCC_WARN_UNUSED_FUNCTION = YES;
				GCC_WARN_UNUSED_VARIABLE = YES;
				IPHONEOS_DEPLOYMENT_TARGET = 10.2;
				MTL_ENABLE_DEBUG_INFO = YES;
				ONLY_ACTIVE_ARCH = YES;
				SDKROOT = iphoneos;
				SWIFT_ACTIVE_COMPILATION_CONDITIONS = DEBUG;
				SWIFT_OPTIMIZATION_LEVEL = "-Onone";
				TARGETED_DEVICE_FAMILY = "1,2";
			};
			name = Debug;
		};
		4B174BC51E47D39B009AC53A /* Release */ = {
			isa = XCBuildConfiguration;
			buildSettings = {
				ALWAYS_SEARCH_USER_PATHS = NO;
				CLANG_ANALYZER_NONNULL = YES;
				CLANG_CXX_LANGUAGE_STANDARD = "gnu++0x";
				CLANG_CXX_LIBRARY = "libc++";
				CLANG_ENABLE_MODULES = YES;
				CLANG_ENABLE_OBJC_ARC = YES;
				CLANG_WARN_BOOL_CONVERSION = YES;
				CLANG_WARN_CONSTANT_CONVERSION = YES;
				CLANG_WARN_DIRECT_OBJC_ISA_USAGE = YES_ERROR;
				CLANG_WARN_DOCUMENTATION_COMMENTS = YES;
				CLANG_WARN_EMPTY_BODY = YES;
				CLANG_WARN_ENUM_CONVERSION = YES;
				CLANG_WARN_INFINITE_RECURSION = YES;
				CLANG_WARN_INT_CONVERSION = YES;
				CLANG_WARN_OBJC_ROOT_CLASS = YES_ERROR;
				CLANG_WARN_SUSPICIOUS_MOVE = YES;
				CLANG_WARN_UNREACHABLE_CODE = YES;
				CLANG_WARN__DUPLICATE_METHOD_MATCH = YES;
				"CODE_SIGN_IDENTITY[sdk=iphoneos*]" = "iPhone Developer";
				COPY_PHASE_STRIP = NO;
				DEBUG_INFORMATION_FORMAT = "dwarf-with-dsym";
				ENABLE_NS_ASSERTIONS = NO;
				ENABLE_STRICT_OBJC_MSGSEND = YES;
				GCC_C_LANGUAGE_STANDARD = gnu99;
				GCC_NO_COMMON_BLOCKS = YES;
				GCC_WARN_64_TO_32_BIT_CONVERSION = YES;
				GCC_WARN_ABOUT_RETURN_TYPE = YES_ERROR;
				GCC_WARN_UNDECLARED_SELECTOR = YES;
				GCC_WARN_UNINITIALIZED_AUTOS = YES_AGGRESSIVE;
				GCC_WARN_UNUSED_FUNCTION = YES;
				GCC_WARN_UNUSED_VARIABLE = YES;
				IPHONEOS_DEPLOYMENT_TARGET = 10.2;
				MTL_ENABLE_DEBUG_INFO = NO;
				SDKROOT = iphoneos;
				SWIFT_OPTIMIZATION_LEVEL = "-Owholemodule";
				TARGETED_DEVICE_FAMILY = "1,2";
				VALIDATE_PRODUCT = YES;
			};
			name = Release;
		};
		4B174BC71E47D39B009AC53A /* Debug */ = {
			isa = XCBuildConfiguration;
			buildSettings = {
				ASSETCATALOG_COMPILER_APPICON_NAME = AppIcon;
				INFOPLIST_FILE = "Bip The Guy/Info.plist";
				IPHONEOS_DEPLOYMENT_TARGET = 9.0;
				LD_RUNPATH_SEARCH_PATHS = "$(inherited) @executable_path/Frameworks";
				PRODUCT_BUNDLE_IDENTIFIER = "Bookmark.Bip-The-Guy";
				PRODUCT_NAME = "$(TARGET_NAME)";
				SWIFT_VERSION = 3.0;
			};
			name = Debug;
		};
		4B174BC81E47D39B009AC53A /* Release */ = {
			isa = XCBuildConfiguration;
			buildSettings = {
				ASSETCATALOG_COMPILER_APPICON_NAME = AppIcon;
				INFOPLIST_FILE = "Bip The Guy/Info.plist";
				IPHONEOS_DEPLOYMENT_TARGET = 9.0;
				LD_RUNPATH_SEARCH_PATHS = "$(inherited) @executable_path/Frameworks";
				PRODUCT_BUNDLE_IDENTIFIER = "Bookmark.Bip-The-Guy";
				PRODUCT_NAME = "$(TARGET_NAME)";
				SWIFT_VERSION = 3.0;
			};
			name = Release;
		};
		4B174BCA1E47D39B009AC53A /* Debug */ = {
			isa = XCBuildConfiguration;
			buildSettings = {
				ALWAYS_EMBED_SWIFT_STANDARD_LIBRARIES = YES;
				BUNDLE_LOADER = "$(TEST_HOST)";
				INFOPLIST_FILE = "Bip The GuyTests/Info.plist";
				LD_RUNPATH_SEARCH_PATHS = "$(inherited) @executable_path/Frameworks @loader_path/Frameworks";
				PRODUCT_BUNDLE_IDENTIFIER = "Bookmark.Bip-The-GuyTests";
				PRODUCT_NAME = "$(TARGET_NAME)";
				SWIFT_VERSION = 3.0;
				TEST_HOST = "$(BUILT_PRODUCTS_DIR)/Bip The Guy.app/Bip The Guy";
			};
			name = Debug;
		};
		4B174BCB1E47D39B009AC53A /* Release */ = {
			isa = XCBuildConfiguration;
			buildSettings = {
				ALWAYS_EMBED_SWIFT_STANDARD_LIBRARIES = YES;
				BUNDLE_LOADER = "$(TEST_HOST)";
				INFOPLIST_FILE = "Bip The GuyTests/Info.plist";
				LD_RUNPATH_SEARCH_PATHS = "$(inherited) @executable_path/Frameworks @loader_path/Frameworks";
				PRODUCT_BUNDLE_IDENTIFIER = "Bookmark.Bip-The-GuyTests";
				PRODUCT_NAME = "$(TARGET_NAME)";
				SWIFT_VERSION = 3.0;
				TEST_HOST = "$(BUILT_PRODUCTS_DIR)/Bip The Guy.app/Bip The Guy";
			};
			name = Release;
		};
		4B174BCD1E47D39B009AC53A /* Debug */ = {
			isa = XCBuildConfiguration;
			buildSettings = {
				ALWAYS_EMBED_SWIFT_STANDARD_LIBRARIES = YES;
				INFOPLIST_FILE = "Bip The GuyUITests/Info.plist";
				LD_RUNPATH_SEARCH_PATHS = "$(inherited) @executable_path/Frameworks @loader_path/Frameworks";
				PRODUCT_BUNDLE_IDENTIFIER = "Bookmark.Bip-The-GuyUITests";
				PRODUCT_NAME = "$(TARGET_NAME)";
				SWIFT_VERSION = 3.0;
				TEST_TARGET_NAME = "Bip The Guy";
			};
			name = Debug;
		};
		4B174BCE1E47D39B009AC53A /* Release */ = {
			isa = XCBuildConfiguration;
			buildSettings = {
				ALWAYS_EMBED_SWIFT_STANDARD_LIBRARIES = YES;
				INFOPLIST_FILE = "Bip The GuyUITests/Info.plist";
				LD_RUNPATH_SEARCH_PATHS = "$(inherited) @executable_path/Frameworks @loader_path/Frameworks";
				PRODUCT_BUNDLE_IDENTIFIER = "Bookmark.Bip-The-GuyUITests";
				PRODUCT_NAME = "$(TARGET_NAME)";
				SWIFT_VERSION = 3.0;
				TEST_TARGET_NAME = "Bip The Guy";
			};
			name = Release;
		};
/* End XCBuildConfiguration section */

/* Begin XCConfigurationList section */
		4B174B991E47D39A009AC53A /* Build configuration list for PBXProject "Bip The Guy" */ = {
			isa = XCConfigurationList;
			buildConfigurations = (
				4B174BC41E47D39B009AC53A /* Debug */,
				4B174BC51E47D39B009AC53A /* Release */,
			);
			defaultConfigurationIsVisible = 0;
			defaultConfigurationName = Release;
		};
		4B174BC61E47D39B009AC53A /* Build configuration list for PBXNativeTarget "Bip The Guy" */ = {
			isa = XCConfigurationList;
			buildConfigurations = (
				4B174BC71E47D39B009AC53A /* Debug */,
				4B174BC81E47D39B009AC53A /* Release */,
			);
			defaultConfigurationIsVisible = 0;
		};
		4B174BC91E47D39B009AC53A /* Build configuration list for PBXNativeTarget "Bip The GuyTests" */ = {
			isa = XCConfigurationList;
			buildConfigurations = (
				4B174BCA1E47D39B009AC53A /* Debug */,
				4B174BCB1E47D39B009AC53A /* Release */,
			);
			defaultConfigurationIsVisible = 0;
		};
		4B174BCC1E47D39B009AC53A /* Build configuration list for PBXNativeTarget "Bip The GuyUITests" */ = {
			isa = XCConfigurationList;
			buildConfigurations = (
				4B174BCD1E47D39B009AC53A /* Debug */,
				4B174BCE1E47D39B009AC53A /* Release */,
			);
			defaultConfigurationIsVisible = 0;
		};
/* End XCConfigurationList section */
	};
	rootObject = 4B174B961E47D39A009AC53A /* Project object */;
}
